
Microsoft Visual Studio Solution File, Format Version 12.00
# Visual Studio Version 16
VisualStudioVersion = 16.0.30104.148
MinimumVisualStudioVersion = 10.0.40219.1
Project("{8BC9CEB8-8B4A-11D0-8D11-00A0C91BC942}") = "Engine", "Engine\Engine.vcxproj", "{1C151954-7056-4839-8E31-DC19DF83AEEA}"
EndProject
Project("{8BC9CEB8-8B4A-11D0-8D11-00A0C91BC942}") = "Orbit", "Orbit\Orbit.vcxproj", "{ED0AD642-B5D5-480E-ABD1-15AF6DA6ABDA}"
EndProject
Global
	GlobalSection(SolutionConfigurationPlatforms) = preSolution
		Debug|x64 = Debug|x64
		Debug|x86 = Debug|x86
		Release|x64 = Release|x64
		Release|x86 = Release|x86
	EndGlobalSection
	GlobalSection(ProjectConfigurationPlatforms) = postSolution
		{1C151954-7056-4839-8E31-DC19DF83AEEA}.Debug|x64.ActiveCfg = Debug|x64
		{1C151954-7056-4839-8E31-DC19DF83AEEA}.Debug|x64.Build.0 = Debug|x64
		{1C151954-7056-4839-8E31-DC19DF83AEEA}.Debug|x86.ActiveCfg = Debug|Win32
		{1C151954-7056-4839-8E31-DC19DF83AEEA}.Debug|x86.Build.0 = Debug|Win32
		{1C151954-7056-4839-8E31-DC19DF83AEEA}.Release|x64.ActiveCfg = Release|x64
		{1C151954-7056-4839-8E31-DC19DF83AEEA}.Release|x64.Build.0 = Release|x64
		{1C151954-7056-4839-8E31-DC19DF83AEEA}.Release|x86.ActiveCfg = Release|Win32
		{1C151954-7056-4839-8E31-DC19DF83AEEA}.Release|x86.Build.0 = Release|Win32
		{ED0AD642-B5D5-480E-ABD1-15AF6DA6ABDA}.Debug|x64.ActiveCfg = Debug|x64
		{ED0AD642-B5D5-480E-ABD1-15AF6DA6ABDA}.Debug|x64.Build.0 = Debug|x64
		{ED0AD642-B5D5-480E-ABD1-15AF6DA6ABDA}.Debug|x86.ActiveCfg = Debug|Win32
		{ED0AD642-B5D5-480E-ABD1-15AF6DA6ABDA}.Debug|x86.Build.0 = Debug|Win32
		{ED0AD642-B5D5-480E-ABD1-15AF6DA6ABDA}.Release|x64.ActiveCfg = Release|x64
		{ED0AD642-B5D5-480E-ABD1-15AF6DA6ABDA}.Release|x64.Build.0 = Release|x64
		{ED0AD642-B5D5-480E-ABD1-15AF6DA6ABDA}.Release|x86.ActiveCfg = Release|Win32
		{ED0AD642-B5D5-480E-ABD1-15AF6DA6ABDA}.Release|x86.Build.0 = Release|Win32
	EndGlobalSection
	GlobalSection(SolutionProperties) = preSolution
		HideSolutionNode = FALSE
	EndGlobalSection
	GlobalSection(ExtensibilityGlobals) = postSolution
		SolutionGuid = {32F89900-4FAB-4A4B-96C2-7DE9B2384230}
	EndGlobalSection
EndGlobal
